
Microsoft Visual Studio Solution File, Format Version 12.00
# Visual Studio Version 16
VisualStudioVersion = 16.0.30011.22
MinimumVisualStudioVersion = 10.0.40219.1
Project("{FAE04EC0-301F-11D3-BF4B-00C04F79EFBC}") = "biro_z_konyv", "biro_z_konyv\biro_z_konyv.csproj", "{9DB86ABB-ECF7-4082-BD32-36FDB947F941}"
EndProject
Global
	GlobalSection(SolutionConfigurationPlatforms) = preSolution
		Debug|Any CPU = Debug|Any CPU
		Release|Any CPU = Release|Any CPU
	EndGlobalSection
	GlobalSection(ProjectConfigurationPlatforms) = postSolution
		{9DB86ABB-ECF7-4082-BD32-36FDB947F941}.Debug|Any CPU.ActiveCfg = Debug|Any CPU
		{9DB86ABB-ECF7-4082-BD32-36FDB947F941}.Debug|Any CPU.Build.0 = Debug|Any CPU
		{9DB86ABB-ECF7-4082-BD32-36FDB947F941}.Release|Any CPU.ActiveCfg = Release|Any CPU
		{9DB86ABB-ECF7-4082-BD32-36FDB947F941}.Release|Any CPU.Build.0 = Release|Any CPU
	EndGlobalSection
	GlobalSection(SolutionProperties) = preSolution
		HideSolutionNode = FALSE
	EndGlobalSection
	GlobalSection(ExtensibilityGlobals) = postSolution
		SolutionGuid = {DC46357E-5F1E-4DD6-A405-1B5534EF4A1C}
	EndGlobalSection
EndGlobal
